// !$*UTF8*$!
{
	archiveVersion = 1;
	classes = {
	};
	objectVersion = 46;
	objects = {

/* Begin PBXBuildFile section */
		1D21BC4F172AF43D009D1CFD /* Cocoa.framework in Frameworks */ = {isa = PBXBuildFile; fileRef = 1D21BC4E172AF43D009D1CFD /* Cocoa.framework */; };
		7D1222761CCB517000CD38C1 /* IOKit.framework in Frameworks */ = {isa = PBXBuildFile; fileRef = 7D1222751CCB517000CD38C1 /* IOKit.framework */; };
		7DAA78091B903BF1004840B9 /* CustomTextField.m in Sources */ = {isa = PBXBuildFile; fileRef = 7DAA78081B903BF1004840B9 /* CustomTextField.m */; };
		CD001B381AB903040089014A /* logo.png in Resources */ = {isa = PBXBuildFile; fileRef = CD001B351AB903040089014A /* logo.png */; };
		CD001B391AB903040089014A /* logoApple.png in Resources */ = {isa = PBXBuildFile; fileRef = CD001B361AB903040089014A /* logoApple.png */; };
		CD02194F1AD34D8B005148A2 /* AboutWindow.xib in Resources */ = {isa = PBXBuildFile; fileRef = CD02194D1AD34D8B005148A2 /* AboutWindow.xib */; };
		CD0219531AD34D9A005148A2 /* AboutWindowController.m in Sources */ = {isa = PBXBuildFile; fileRef = CD0219521AD34D9A005148A2 /* AboutWindowController.m */; };
		CD02195C1AD38823005148A2 /* kkRowCell.m in Sources */ = {isa = PBXBuildFile; fileRef = CD02195B1AD38823005148A2 /* kkRowCell.m */; };
		CD3F4CE81AF5CF68002A2647 /* KextEnumerator.m in Sources */ = {isa = PBXBuildFile; fileRef = CD3F4CE61AF5CF68002A2647 /* KextEnumerator.m */; };
		CD3F4CEB1AF6D948002A2647 /* OrderedDictionary.m in Sources */ = {isa = PBXBuildFile; fileRef = CD3F4CEA1AF6D948002A2647 /* OrderedDictionary.m */; };
		CD4D53CA1B20296E00008030 /* unknown.png in Resources */ = {isa = PBXBuildFile; fileRef = CD4D53C91B20296E00008030 /* unknown.png */; };
		CD4D54221B2CE6F200008030 /* NSMutableArray+QueueAdditions.m in Sources */ = {isa = PBXBuildFile; fileRef = CD4D54211B2CE6F200008030 /* NSMutableArray+QueueAdditions.m */; };
		CD4D543F1B2FF32C00008030 /* signedAppleIcon.png in Resources */ = {isa = PBXBuildFile; fileRef = CD4D543E1B2FF32C00008030 /* signedAppleIcon.png */; };
		CD5813DE299F20A800DEBE46 /* Assets.xcassets in Resources */ = {isa = PBXBuildFile; fileRef = CD5813DD299F20A800DEBE46 /* Assets.xcassets */; };
		CD5813E029A06ACB00DEBE46 /* patrons.txt in Resources */ = {isa = PBXBuildFile; fileRef = CD5813DF29A06ACB00DEBE46 /* patrons.txt */; };
		CD5813E129A07BCD00DEBE46 /* MainMenu.xib in Resources */ = {isa = PBXBuildFile; fileRef = CDA81D561A95B4B4009790E2 /* MainMenu.xib */; };
		CD5813E329A07CE000DEBE46 /* Info.plist in Resources */ = {isa = PBXBuildFile; fileRef = CD5813E229A07CE000DEBE46 /* Info.plist */; };
		CD5813E529A07DFD00DEBE46 /* main.m in Sources */ = {isa = PBXBuildFile; fileRef = CD5813E429A07DFD00DEBE46 /* main.m */; };
		CD6095731A87067D00E091CD /* Security.framework in Frameworks */ = {isa = PBXBuildFile; fileRef = CD6095721A87067D00E091CD /* Security.framework */; };
		CD6AFB831B4BAA2100D42C34 /* refreshIcon.png in Resources */ = {isa = PBXBuildFile; fileRef = CD6AFB821B4BAA2100D42C34 /* refreshIcon.png */; };
		CD6AFB861B4BABB200D42C34 /* refreshIconBG.png in Resources */ = {isa = PBXBuildFile; fileRef = CD6AFB841B4BABB200D42C34 /* refreshIconBG.png */; };
		CD6AFB871B4BABB200D42C34 /* refreshIconOver.png in Resources */ = {isa = PBXBuildFile; fileRef = CD6AFB851B4BABB200D42C34 /* refreshIconOver.png */; };
		CD74522E1BCCAE50006EE37A /* Kext.m in Sources */ = {isa = PBXBuildFile; fileRef = CD74522D1BCCAE50006EE37A /* Kext.m */; };
		CD7B9F4D1ACB959200DF3C71 /* logoAppleOver.png in Resources */ = {isa = PBXBuildFile; fileRef = CD7B9F4C1ACB959200DF3C71 /* logoAppleOver.png */; };
		CD7B9FAB1AD08FA100DF3C71 /* KKRow.m in Sources */ = {isa = PBXBuildFile; fileRef = CD7B9FAA1AD08FA100DF3C71 /* KKRow.m */; };
		CD8C73B71BDB2171001B5A7D /* kvText.png in Resources */ = {isa = PBXBuildFile; fileRef = CD8C73B61BDB2171001B5A7D /* kvText.png */; };
		CD8C73B91BDDDCC4001B5A7D /* SystemConfiguration.framework in Frameworks */ = {isa = PBXBuildFile; fileRef = CD8C73B81BDDDCC4001B5A7D /* SystemConfiguration.framework */; };
		CDA81D4F1A95B492009790E2 /* AppDelegate.m in Sources */ = {isa = PBXBuildFile; fileRef = CDA81D451A95B492009790E2 /* AppDelegate.m */; };
		CDA81D531A95B492009790E2 /* utilities.m in Sources */ = {isa = PBXBuildFile; fileRef = CDA81D4E1A95B492009790E2 /* utilities.m */; };
		CDA81D741A95B4FB009790E2 /* icon.iconset in Resources */ = {isa = PBXBuildFile; fileRef = CDA81D731A95B4FB009790E2 /* icon.iconset */; };
		CDA81D7B1A95D29B009790E2 /* KextTableController.m in Sources */ = {isa = PBXBuildFile; fileRef = CDA81D7A1A95D29B009790E2 /* KextTableController.m */; };
		CDA81DD31A9970A0009790E2 /* signed.png in Resources */ = {isa = PBXBuildFile; fileRef = CDA81DD11A9970A0009790E2 /* signed.png */; };
		CDA81DEE1A99B5F8009790E2 /* Filter.m in Sources */ = {isa = PBXBuildFile; fileRef = CDA81DED1A99B5F8009790E2 /* Filter.m */; };
		CDBE49181B58DC9B0031FC22 /* NSApplicationKeyEvents.m in Sources */ = {isa = PBXBuildFile; fileRef = CDBE49171B58DC9B0031FC22 /* NSApplicationKeyEvents.m */; };
		CDF08CBF1AC3DE25009B3423 /* logoAppleBG.png in Resources */ = {isa = PBXBuildFile; fileRef = CDF08CBE1AC3DE25009B3423 /* logoAppleBG.png */; };
		CDF08CEA1AC8D97B009B3423 /* Quartz.framework in Frameworks */ = {isa = PBXBuildFile; fileRef = CDF08CE91AC8D97B009B3423 /* Quartz.framework */; };
/* End PBXBuildFile section */

/* Begin PBXCopyFilesBuildPhase section */
		CDA5F6B91B16D805003CE340 /* Embed XPC Services */ = {
			isa = PBXCopyFilesBuildPhase;
			buildActionMask = 2147483647;
			dstPath = "$(CONTENTS_FOLDER_PATH)/XPCServices";
			dstSubfolderSpec = 16;
			files = (
			);
			name = "Embed XPC Services";
			runOnlyForDeploymentPostprocessing = 0;
		};
/* End PBXCopyFilesBuildPhase section */

/* Begin PBXFileReference section */
		1D21BC4B172AF43D009D1CFD /* KextViewr.app */ = {isa = PBXFileReference; explicitFileType = wrapper.application; includeInIndex = 0; path = KextViewr.app; sourceTree = BUILT_PRODUCTS_DIR; };
		1D21BC4E172AF43D009D1CFD /* Cocoa.framework */ = {isa = PBXFileReference; lastKnownFileType = wrapper.framework; name = Cocoa.framework; path = System/Library/Frameworks/Cocoa.framework; sourceTree = SDKROOT; };
		1D21BC51172AF43D009D1CFD /* AppKit.framework */ = {isa = PBXFileReference; lastKnownFileType = wrapper.framework; name = AppKit.framework; path = System/Library/Frameworks/AppKit.framework; sourceTree = SDKROOT; };
		1D21BC52172AF43D009D1CFD /* CoreData.framework */ = {isa = PBXFileReference; lastKnownFileType = wrapper.framework; name = CoreData.framework; path = System/Library/Frameworks/CoreData.framework; sourceTree = SDKROOT; };
		1D21BC53172AF43D009D1CFD /* Foundation.framework */ = {isa = PBXFileReference; lastKnownFileType = wrapper.framework; name = Foundation.framework; path = System/Library/Frameworks/Foundation.framework; sourceTree = SDKROOT; };
		7D1222751CCB517000CD38C1 /* IOKit.framework */ = {isa = PBXFileReference; lastKnownFileType = wrapper.framework; name = IOKit.framework; path = System/Library/Frameworks/IOKit.framework; sourceTree = SDKROOT; };
		7DAA78071B903BF1004840B9 /* CustomTextField.h */ = {isa = PBXFileReference; fileEncoding = 4; lastKnownFileType = sourcecode.c.h; name = CustomTextField.h; path = KextViewr/CustomTextField.h; sourceTree = "<group>"; };
		7DAA78081B903BF1004840B9 /* CustomTextField.m */ = {isa = PBXFileReference; fileEncoding = 4; lastKnownFileType = sourcecode.c.objc; name = CustomTextField.m; path = KextViewr/CustomTextField.m; sourceTree = "<group>"; };
		CD001B351AB903040089014A /* logo.png */ = {isa = PBXFileReference; lastKnownFileType = image.png; name = logo.png; path = KextViewr/images/logo.png; sourceTree = SOURCE_ROOT; };
		CD001B361AB903040089014A /* logoApple.png */ = {isa = PBXFileReference; lastKnownFileType = image.png; name = logoApple.png; path = KextViewr/images/logoApple.png; sourceTree = SOURCE_ROOT; };
		CD02194D1AD34D8B005148A2 /* AboutWindow.xib */ = {isa = PBXFileReference; fileEncoding = 4; lastKnownFileType = file.xib; name = AboutWindow.xib; path = KextViewr/AboutWindow.xib; sourceTree = "<group>"; };
		CD0219511AD34D9A005148A2 /* AboutWindowController.h */ = {isa = PBXFileReference; fileEncoding = 4; lastKnownFileType = sourcecode.c.h; name = AboutWindowController.h; path = KextViewr/AboutWindowController.h; sourceTree = "<group>"; };
		CD0219521AD34D9A005148A2 /* AboutWindowController.m */ = {isa = PBXFileReference; fileEncoding = 4; lastKnownFileType = sourcecode.c.objc; name = AboutWindowController.m; path = KextViewr/AboutWindowController.m; sourceTree = "<group>"; };
		CD02195A1AD38823005148A2 /* kkRowCell.h */ = {isa = PBXFileReference; fileEncoding = 4; lastKnownFileType = sourcecode.c.h; name = kkRowCell.h; path = KextViewr/kkRowCell.h; sourceTree = "<group>"; };
		CD02195B1AD38823005148A2 /* kkRowCell.m */ = {isa = PBXFileReference; fileEncoding = 4; lastKnownFileType = sourcecode.c.objc; name = kkRowCell.m; path = KextViewr/kkRowCell.m; sourceTree = "<group>"; };
		CD3F4CE61AF5CF68002A2647 /* KextEnumerator.m */ = {isa = PBXFileReference; fileEncoding = 4; lastKnownFileType = sourcecode.c.objc; name = KextEnumerator.m; path = KextViewr/KextEnumerator.m; sourceTree = SOURCE_ROOT; };
		CD3F4CE71AF5CF68002A2647 /* KextEnumerator.h */ = {isa = PBXFileReference; fileEncoding = 4; lastKnownFileType = sourcecode.c.h; name = KextEnumerator.h; path = KextViewr/KextEnumerator.h; sourceTree = SOURCE_ROOT; };
		CD3F4CE91AF6D948002A2647 /* OrderedDictionary.h */ = {isa = PBXFileReference; fileEncoding = 4; lastKnownFileType = sourcecode.c.h; name = OrderedDictionary.h; path = KextViewr/3rdParty/OrderedDictionary.h; sourceTree = "<group>"; };
		CD3F4CEA1AF6D948002A2647 /* OrderedDictionary.m */ = {isa = PBXFileReference; fileEncoding = 4; lastKnownFileType = sourcecode.c.objc; name = OrderedDictionary.m; path = KextViewr/3rdParty/OrderedDictionary.m; sourceTree = "<group>"; };
		CD4D53C91B20296E00008030 /* unknown.png */ = {isa = PBXFileReference; lastKnownFileType = image.png; name = unknown.png; path = KextViewr/images/unknown.png; sourceTree = SOURCE_ROOT; };
		CD4D54201B2CE6F200008030 /* NSMutableArray+QueueAdditions.h */ = {isa = PBXFileReference; fileEncoding = 4; lastKnownFileType = sourcecode.c.h; name = "NSMutableArray+QueueAdditions.h"; path = "KextViewr/NSMutableArray+QueueAdditions.h"; sourceTree = "<group>"; };
		CD4D54211B2CE6F200008030 /* NSMutableArray+QueueAdditions.m */ = {isa = PBXFileReference; fileEncoding = 4; lastKnownFileType = sourcecode.c.objc; name = "NSMutableArray+QueueAdditions.m"; path = "KextViewr/NSMutableArray+QueueAdditions.m"; sourceTree = "<group>"; };
		CD4D543E1B2FF32C00008030 /* signedAppleIcon.png */ = {isa = PBXFileReference; lastKnownFileType = image.png; name = signedAppleIcon.png; path = KextViewr/images/signedAppleIcon.png; sourceTree = SOURCE_ROOT; };
		CD5813DD299F20A800DEBE46 /* Assets.xcassets */ = {isa = PBXFileReference; lastKnownFileType = folder.assetcatalog; name = Assets.xcassets; path = KextViewr/Assets.xcassets; sourceTree = SOURCE_ROOT; };
		CD5813DF29A06ACB00DEBE46 /* patrons.txt */ = {isa = PBXFileReference; fileEncoding = 4; lastKnownFileType = text; name = patrons.txt; path = KextViewr/patrons.txt; sourceTree = SOURCE_ROOT; };
		CD5813E229A07CE000DEBE46 /* Info.plist */ = {isa = PBXFileReference; fileEncoding = 4; lastKnownFileType = text.plist.xml; name = Info.plist; path = KextViewr/Info.plist; sourceTree = "<group>"; };
		CD5813E429A07DFD00DEBE46 /* main.m */ = {isa = PBXFileReference; fileEncoding = 4; lastKnownFileType = sourcecode.c.objc; name = main.m; path = KextViewr/main.m; sourceTree = "<group>"; };
		CD6095721A87067D00E091CD /* Security.framework */ = {isa = PBXFileReference; lastKnownFileType = wrapper.framework; name = Security.framework; path = System/Library/Frameworks/Security.framework; sourceTree = SDKROOT; };
		CD6AFB821B4BAA2100D42C34 /* refreshIcon.png */ = {isa = PBXFileReference; lastKnownFileType = image.png; name = refreshIcon.png; path = KextViewr/images/refreshIcon.png; sourceTree = SOURCE_ROOT; };
		CD6AFB841B4BABB200D42C34 /* refreshIconBG.png */ = {isa = PBXFileReference; lastKnownFileType = image.png; name = refreshIconBG.png; path = KextViewr/images/refreshIconBG.png; sourceTree = SOURCE_ROOT; };
		CD6AFB851B4BABB200D42C34 /* refreshIconOver.png */ = {isa = PBXFileReference; lastKnownFileType = image.png; name = refreshIconOver.png; path = KextViewr/images/refreshIconOver.png; sourceTree = SOURCE_ROOT; };
		CD74522C1BCCAE50006EE37A /* Kext.h */ = {isa = PBXFileReference; fileEncoding = 4; lastKnownFileType = sourcecode.c.h; name = Kext.h; path = KextViewr/Kext.h; sourceTree = "<group>"; };
		CD74522D1BCCAE50006EE37A /* Kext.m */ = {isa = PBXFileReference; fileEncoding = 4; lastKnownFileType = sourcecode.c.objc; name = Kext.m; path = KextViewr/Kext.m; sourceTree = "<group>"; };
		CD7B9F4C1ACB959200DF3C71 /* logoAppleOver.png */ = {isa = PBXFileReference; lastKnownFileType = image.png; name = logoAppleOver.png; path = KextViewr/images/logoAppleOver.png; sourceTree = SOURCE_ROOT; };
		CD7B9FA91AD08FA100DF3C71 /* KKRow.h */ = {isa = PBXFileReference; fileEncoding = 4; lastKnownFileType = sourcecode.c.h; name = KKRow.h; path = KextViewr/KKRow.h; sourceTree = "<group>"; };
		CD7B9FAA1AD08FA100DF3C71 /* KKRow.m */ = {isa = PBXFileReference; fileEncoding = 4; lastKnownFileType = sourcecode.c.objc; name = KKRow.m; path = KextViewr/KKRow.m; sourceTree = "<group>"; };
		CD8C73B61BDB2171001B5A7D /* kvText.png */ = {isa = PBXFileReference; lastKnownFileType = image.png; name = kvText.png; path = KextViewr/images/kvText.png; sourceTree = SOURCE_ROOT; };
		CD8C73B81BDDDCC4001B5A7D /* SystemConfiguration.framework */ = {isa = PBXFileReference; lastKnownFileType = wrapper.framework; name = SystemConfiguration.framework; path = System/Library/Frameworks/SystemConfiguration.framework; sourceTree = SDKROOT; };
		CDA81D441A95B492009790E2 /* AppDelegate.h */ = {isa = PBXFileReference; fileEncoding = 4; lastKnownFileType = sourcecode.c.h; name = AppDelegate.h; path = KextViewr/AppDelegate.h; sourceTree = SOURCE_ROOT; };
		CDA81D451A95B492009790E2 /* AppDelegate.m */ = {isa = PBXFileReference; fileEncoding = 4; lastKnownFileType = sourcecode.c.objc; name = AppDelegate.m; path = KextViewr/AppDelegate.m; sourceTree = SOURCE_ROOT; };
		CDA81D481A95B492009790E2 /* consts.h */ = {isa = PBXFileReference; fileEncoding = 4; lastKnownFileType = sourcecode.c.h; name = consts.h; path = KextViewr/consts.h; sourceTree = SOURCE_ROOT; };
		CDA81D4D1A95B492009790E2 /* utilities.h */ = {isa = PBXFileReference; fileEncoding = 4; lastKnownFileType = sourcecode.c.h; name = utilities.h; path = KextViewr/utilities.h; sourceTree = SOURCE_ROOT; };
		CDA81D4E1A95B492009790E2 /* utilities.m */ = {isa = PBXFileReference; fileEncoding = 4; lastKnownFileType = sourcecode.c.objc; name = utilities.m; path = KextViewr/utilities.m; sourceTree = SOURCE_ROOT; };
		CDA81D571A95B4B4009790E2 /* en */ = {isa = PBXFileReference; lastKnownFileType = file.xib; name = en; path = KextViewr/en.lproj/MainMenu.xib; sourceTree = SOURCE_ROOT; };
		CDA81D731A95B4FB009790E2 /* icon.iconset */ = {isa = PBXFileReference; lastKnownFileType = folder.iconset; name = icon.iconset; path = KextViewr/images/icon.iconset; sourceTree = SOURCE_ROOT; };
		CDA81D791A95D29B009790E2 /* KextTableController.h */ = {isa = PBXFileReference; fileEncoding = 4; lastKnownFileType = sourcecode.c.h; name = KextTableController.h; path = KextViewr/KextTableController.h; sourceTree = "<group>"; };
		CDA81D7A1A95D29B009790E2 /* KextTableController.m */ = {isa = PBXFileReference; fileEncoding = 4; lastKnownFileType = sourcecode.c.objc; name = KextTableController.m; path = KextViewr/KextTableController.m; sourceTree = "<group>"; };
		CDA81DD11A9970A0009790E2 /* signed.png */ = {isa = PBXFileReference; lastKnownFileType = image.png; name = signed.png; path = KextViewr/images/signed.png; sourceTree = SOURCE_ROOT; };
		CDA81DEC1A99B5F8009790E2 /* Filter.h */ = {isa = PBXFileReference; fileEncoding = 4; lastKnownFileType = sourcecode.c.h; name = Filter.h; path = KextViewr/Filter.h; sourceTree = "<group>"; };
		CDA81DED1A99B5F8009790E2 /* Filter.m */ = {isa = PBXFileReference; fileEncoding = 4; lastKnownFileType = sourcecode.c.objc; name = Filter.m; path = KextViewr/Filter.m; sourceTree = "<group>"; };
		CDBE49161B58DC9B0031FC22 /* NSApplicationKeyEvents.h */ = {isa = PBXFileReference; fileEncoding = 4; lastKnownFileType = sourcecode.c.h; name = NSApplicationKeyEvents.h; path = KextViewr/NSApplicationKeyEvents.h; sourceTree = "<group>"; };
		CDBE49171B58DC9B0031FC22 /* NSApplicationKeyEvents.m */ = {isa = PBXFileReference; fileEncoding = 4; lastKnownFileType = sourcecode.c.objc; name = NSApplicationKeyEvents.m; path = KextViewr/NSApplicationKeyEvents.m; sourceTree = "<group>"; };
		CDF08CBE1AC3DE25009B3423 /* logoAppleBG.png */ = {isa = PBXFileReference; lastKnownFileType = image.png; name = logoAppleBG.png; path = KextViewr/images/logoAppleBG.png; sourceTree = SOURCE_ROOT; };
		CDF08CE91AC8D97B009B3423 /* Quartz.framework */ = {isa = PBXFileReference; lastKnownFileType = wrapper.framework; name = Quartz.framework; path = System/Library/Frameworks/Quartz.framework; sourceTree = SDKROOT; };
/* End PBXFileReference section */

/* Begin PBXFrameworksBuildPhase section */
		1D21BC48172AF43D009D1CFD /* Frameworks */ = {
			isa = PBXFrameworksBuildPhase;
			buildActionMask = 2147483647;
			files = (
				7D1222761CCB517000CD38C1 /* IOKit.framework in Frameworks */,
				CD8C73B91BDDDCC4001B5A7D /* SystemConfiguration.framework in Frameworks */,
				CDF08CEA1AC8D97B009B3423 /* Quartz.framework in Frameworks */,
				CD6095731A87067D00E091CD /* Security.framework in Frameworks */,
				1D21BC4F172AF43D009D1CFD /* Cocoa.framework in Frameworks */,
			);
			runOnlyForDeploymentPostprocessing = 0;
		};
/* End PBXFrameworksBuildPhase section */

/* Begin PBXGroup section */
		1D21BC42172AF43D009D1CFD = {
			isa = PBXGroup;
			children = (
				CDF08CE31AC89FD4009B3423 /* 3rdParty */,
				1D21BC4D172AF43D009D1CFD /* Frameworks */,
				1D21BC54172AF43D009D1CFD /* KextViewr */,
				1D21BC4C172AF43D009D1CFD /* Products */,
				CDA81D781A95B939009790E2 /* UIControllers */,
			);
			sourceTree = "<group>";
		};
		1D21BC4C172AF43D009D1CFD /* Products */ = {
			isa = PBXGroup;
			children = (
				1D21BC4B172AF43D009D1CFD /* KextViewr.app */,
			);
			name = Products;
			sourceTree = "<group>";
		};
		1D21BC4D172AF43D009D1CFD /* Frameworks */ = {
			isa = PBXGroup;
			children = (
				7D1222751CCB517000CD38C1 /* IOKit.framework */,
				CD8C73B81BDDDCC4001B5A7D /* SystemConfiguration.framework */,
				CDF08CE91AC8D97B009B3423 /* Quartz.framework */,
				CD6095721A87067D00E091CD /* Security.framework */,
				1D21BC4E172AF43D009D1CFD /* Cocoa.framework */,
				1D21BC50172AF43D009D1CFD /* Other Frameworks */,
			);
			name = Frameworks;
			sourceTree = "<group>";
		};
		1D21BC50172AF43D009D1CFD /* Other Frameworks */ = {
			isa = PBXGroup;
			children = (
				1D21BC51172AF43D009D1CFD /* AppKit.framework */,
				1D21BC52172AF43D009D1CFD /* CoreData.framework */,
				1D21BC53172AF43D009D1CFD /* Foundation.framework */,
			);
			name = "Other Frameworks";
			sourceTree = "<group>";
		};
		1D21BC54172AF43D009D1CFD /* KextViewr */ = {
			isa = PBXGroup;
			children = (
				CD02194D1AD34D8B005148A2 /* AboutWindow.xib */,
				CDA81D441A95B492009790E2 /* AppDelegate.h */,
				CDA81D451A95B492009790E2 /* AppDelegate.m */,
				CD5813DD299F20A800DEBE46 /* Assets.xcassets */,
				CDA81D481A95B492009790E2 /* consts.h */,
				7DAA78071B903BF1004840B9 /* CustomTextField.h */,
				7DAA78081B903BF1004840B9 /* CustomTextField.m */,
				CDA81DEC1A99B5F8009790E2 /* Filter.h */,
				CD5813E229A07CE000DEBE46 /* Info.plist */,
				CDA81DED1A99B5F8009790E2 /* Filter.m */,
				CD6095501A8329FA00E091CD /* images */,
				CD74522C1BCCAE50006EE37A /* Kext.h */,
				CD74522D1BCCAE50006EE37A /* Kext.m */,
				CD3F4CE71AF5CF68002A2647 /* KextEnumerator.h */,
				CD3F4CE61AF5CF68002A2647 /* KextEnumerator.m */,
				CD7B9FA91AD08FA100DF3C71 /* KKRow.h */,
				CD7B9FAA1AD08FA100DF3C71 /* KKRow.m */,
				CD02195A1AD38823005148A2 /* kkRowCell.h */,
				CD02195B1AD38823005148A2 /* kkRowCell.m */,
				CDA81D561A95B4B4009790E2 /* MainMenu.xib */,
				CDBE49161B58DC9B0031FC22 /* NSApplicationKeyEvents.h */,
				CDBE49171B58DC9B0031FC22 /* NSApplicationKeyEvents.m */,
				CD5813E429A07DFD00DEBE46 /* main.m */,
				CD4D54201B2CE6F200008030 /* NSMutableArray+QueueAdditions.h */,
				CD4D54211B2CE6F200008030 /* NSMutableArray+QueueAdditions.m */,
				CD5813DF29A06ACB00DEBE46 /* patrons.txt */,
				CDA81D4D1A95B492009790E2 /* utilities.h */,
				CDA81D4E1A95B492009790E2 /* utilities.m */,
			);
			name = KextViewr;
			sourceTree = "<group>";
		};
		CD6095501A8329FA00E091CD /* images */ = {
			isa = PBXGroup;
			children = (
				CDA81D731A95B4FB009790E2 /* icon.iconset */,
				CD8C73B61BDB2171001B5A7D /* kvText.png */,
				CD6AFB841B4BABB200D42C34 /* refreshIconBG.png */,
				CD6AFB851B4BABB200D42C34 /* refreshIconOver.png */,
				CD6AFB821B4BAA2100D42C34 /* refreshIcon.png */,
				CD4D543E1B2FF32C00008030 /* signedAppleIcon.png */,
				CD4D53C91B20296E00008030 /* unknown.png */,
				CD7B9F4C1ACB959200DF3C71 /* logoAppleOver.png */,
				CDF08CBE1AC3DE25009B3423 /* logoAppleBG.png */,
				CD001B351AB903040089014A /* logo.png */,
				CD001B361AB903040089014A /* logoApple.png */,
				CDA81DD11A9970A0009790E2 /* signed.png */,
			);
			name = images;
			path = KextViewr/images;
			sourceTree = "<group>";
		};
		CDA81D781A95B939009790E2 /* UIControllers */ = {
			isa = PBXGroup;
			children = (
				CD0219511AD34D9A005148A2 /* AboutWindowController.h */,
				CD0219521AD34D9A005148A2 /* AboutWindowController.m */,
				CDA81D791A95D29B009790E2 /* KextTableController.h */,
				CDA81D7A1A95D29B009790E2 /* KextTableController.m */,
			);
			name = UIControllers;
			sourceTree = "<group>";
		};
		CDF08CE31AC89FD4009B3423 /* 3rdParty */ = {
			isa = PBXGroup;
			children = (
				CD3F4CE91AF6D948002A2647 /* OrderedDictionary.h */,
				CD3F4CEA1AF6D948002A2647 /* OrderedDictionary.m */,
			);
			name = 3rdParty;
			sourceTree = "<group>";
		};
/* End PBXGroup section */

/* Begin PBXNativeTarget section */
		1D21BC4A172AF43D009D1CFD /* KextViewr */ = {
			isa = PBXNativeTarget;
			buildConfigurationList = 1D21BC68172AF43D009D1CFD /* Build configuration list for PBXNativeTarget "KextViewr" */;
			buildPhases = (
				1D21BC47172AF43D009D1CFD /* Sources */,
				1D21BC48172AF43D009D1CFD /* Frameworks */,
				1D21BC49172AF43D009D1CFD /* Resources */,
				CDA5F6B91B16D805003CE340 /* Embed XPC Services */,
			);
			buildRules = (
			);
			dependencies = (
			);
			name = KextViewr;
			productName = KextViewr;
			productReference = 1D21BC4B172AF43D009D1CFD /* KextViewr.app */;
			productType = "com.apple.product-type.application";
		};
/* End PBXNativeTarget section */

/* Begin PBXProject section */
		1D21BC43172AF43D009D1CFD /* Project object */ = {
			isa = PBXProject;
			attributes = {
				LastUpgradeCheck = 1420;
				ORGANIZATIONNAME = "Lucas Derraugh";
				TargetAttributes = {
					1D21BC4A172AF43D009D1CFD = {
						DevelopmentTeam = VBG97UB4TA;
					};
				};
			};
			buildConfigurationList = 1D21BC46172AF43D009D1CFD /* Build configuration list for PBXProject "KextViewr" */;
			compatibilityVersion = "Xcode 3.2";
			developmentRegion = English;
			hasScannedForEncodings = 0;
			knownRegions = (
				English,
				en,
			);
			mainGroup = 1D21BC42172AF43D009D1CFD;
			productRefGroup = 1D21BC4C172AF43D009D1CFD /* Products */;
			projectDirPath = "";
			projectRoot = "";
			targets = (
				1D21BC4A172AF43D009D1CFD /* KextViewr */,
			);
		};
/* End PBXProject section */

/* Begin PBXResourcesBuildPhase section */
		1D21BC49172AF43D009D1CFD /* Resources */ = {
			isa = PBXResourcesBuildPhase;
			buildActionMask = 2147483647;
			files = (
				CD8C73B71BDB2171001B5A7D /* kvText.png in Resources */,
				CD6AFB861B4BABB200D42C34 /* refreshIconBG.png in Resources */,
				CD4D53CA1B20296E00008030 /* unknown.png in Resources */,
				CD6AFB871B4BABB200D42C34 /* refreshIconOver.png in Resources */,
				CD001B391AB903040089014A /* logoApple.png in Resources */,
				CD5813E329A07CE000DEBE46 /* Info.plist in Resources */,
				CD5813E129A07BCD00DEBE46 /* MainMenu.xib in Resources */,
				CD7B9F4D1ACB959200DF3C71 /* logoAppleOver.png in Resources */,
				CD001B381AB903040089014A /* logo.png in Resources */,
				CD4D543F1B2FF32C00008030 /* signedAppleIcon.png in Resources */,
				CD5813DE299F20A800DEBE46 /* Assets.xcassets in Resources */,
				CD5813E029A06ACB00DEBE46 /* patrons.txt in Resources */,
				CDF08CBF1AC3DE25009B3423 /* logoAppleBG.png in Resources */,
				CD6AFB831B4BAA2100D42C34 /* refreshIcon.png in Resources */,
				CDA81D741A95B4FB009790E2 /* icon.iconset in Resources */,
				CD02194F1AD34D8B005148A2 /* AboutWindow.xib in Resources */,
				CDA81DD31A9970A0009790E2 /* signed.png in Resources */,
			);
			runOnlyForDeploymentPostprocessing = 0;
		};
/* End PBXResourcesBuildPhase section */

/* Begin PBXSourcesBuildPhase section */
		1D21BC47172AF43D009D1CFD /* Sources */ = {
			isa = PBXSourcesBuildPhase;
			buildActionMask = 2147483647;
			files = (
				CD3F4CE81AF5CF68002A2647 /* KextEnumerator.m in Sources */,
				CD4D54221B2CE6F200008030 /* NSMutableArray+QueueAdditions.m in Sources */,
				CD3F4CEB1AF6D948002A2647 /* OrderedDictionary.m in Sources */,
				CDA81DEE1A99B5F8009790E2 /* Filter.m in Sources */,
				7DAA78091B903BF1004840B9 /* CustomTextField.m in Sources */,
				CDA81D7B1A95D29B009790E2 /* KextTableController.m in Sources */,
				CD74522E1BCCAE50006EE37A /* Kext.m in Sources */,
				CD02195C1AD38823005148A2 /* kkRowCell.m in Sources */,
				CDA81D4F1A95B492009790E2 /* AppDelegate.m in Sources */,
				CD0219531AD34D9A005148A2 /* AboutWindowController.m in Sources */,
				CDBE49181B58DC9B0031FC22 /* NSApplicationKeyEvents.m in Sources */,
				CDA81D531A95B492009790E2 /* utilities.m in Sources */,
				CD5813E529A07DFD00DEBE46 /* main.m in Sources */,
				CD7B9FAB1AD08FA100DF3C71 /* KKRow.m in Sources */,
			);
			runOnlyForDeploymentPostprocessing = 0;
		};
/* End PBXSourcesBuildPhase section */

/* Begin PBXVariantGroup section */
		CDA81D561A95B4B4009790E2 /* MainMenu.xib */ = {
			isa = PBXVariantGroup;
			children = (
				CDA81D571A95B4B4009790E2 /* en */,
			);
			name = MainMenu.xib;
			path = KextViewr;
			sourceTree = "<group>";
		};
/* End PBXVariantGroup section */

/* Begin XCBuildConfiguration section */
		1D21BC66172AF43D009D1CFD /* Debug */ = {
			isa = XCBuildConfiguration;
			buildSettings = {
				ALWAYS_SEARCH_USER_PATHS = NO;
				CLANG_ANALYZER_LOCALIZABILITY_NONLOCALIZED = YES;
				CLANG_CXX_LANGUAGE_STANDARD = "gnu++0x";
				CLANG_CXX_LIBRARY = "libc++";
				CLANG_ENABLE_OBJC_ARC = YES;
				CLANG_WARN_BLOCK_CAPTURE_AUTORELEASING = YES;
				CLANG_WARN_BOOL_CONVERSION = YES;
				CLANG_WARN_COMMA = YES;
				CLANG_WARN_CONSTANT_CONVERSION = YES;
				CLANG_WARN_DEPRECATED_OBJC_IMPLEMENTATIONS = YES;
				CLANG_WARN_EMPTY_BODY = YES;
				CLANG_WARN_ENUM_CONVERSION = YES;
				CLANG_WARN_INFINITE_RECURSION = YES;
				CLANG_WARN_INT_CONVERSION = YES;
				CLANG_WARN_NON_LITERAL_NULL_CONVERSION = YES;
				CLANG_WARN_OBJC_IMPLICIT_RETAIN_SELF = YES;
				CLANG_WARN_OBJC_LITERAL_CONVERSION = YES;
				CLANG_WARN_QUOTED_INCLUDE_IN_FRAMEWORK_HEADER = YES;
				CLANG_WARN_RANGE_LOOP_ANALYSIS = YES;
				CLANG_WARN_STRICT_PROTOTYPES = YES;
				CLANG_WARN_SUSPICIOUS_MOVE = YES;
				CLANG_WARN_UNREACHABLE_CODE = YES;
				CLANG_WARN__DUPLICATE_METHOD_MATCH = YES;
				CODE_SIGN_IDENTITY = "Apple Development";
				COPY_PHASE_STRIP = NO;
				DEAD_CODE_STRIPPING = YES;
				ENABLE_STRICT_OBJC_MSGSEND = YES;
				ENABLE_TESTABILITY = YES;
				GCC_C_LANGUAGE_STANDARD = gnu99;
				GCC_DYNAMIC_NO_PIC = NO;
				GCC_ENABLE_OBJC_EXCEPTIONS = YES;
				GCC_NO_COMMON_BLOCKS = YES;
				GCC_OPTIMIZATION_LEVEL = 0;
				GCC_PREPROCESSOR_DEFINITIONS = (
					"DEBUG=1",
					"$(inherited)",
				);
				GCC_SYMBOLS_PRIVATE_EXTERN = NO;
				GCC_WARN_64_TO_32_BIT_CONVERSION = YES;
				GCC_WARN_ABOUT_DEPRECATED_FUNCTIONS = NO;
				GCC_WARN_ABOUT_RETURN_TYPE = YES;
				GCC_WARN_UNDECLARED_SELECTOR = YES;
				GCC_WARN_UNINITIALIZED_AUTOS = YES;
				GCC_WARN_UNUSED_FUNCTION = YES;
				GCC_WARN_UNUSED_LABEL = YES;
				GCC_WARN_UNUSED_PARAMETER = NO;
				GCC_WARN_UNUSED_VARIABLE = YES;
				INFOPLIST_FILE = "KextViewr-Info.plist";
				MACOSX_DEPLOYMENT_TARGET = 11.0;
				ONLY_ACTIVE_ARCH = YES;
				PRODUCT_BUNDLE_IDENTIFIER = "com.objective-see.$(PRODUCT_NAME:rfc1034identifier)";
				PRODUCT_NAME = KextViewr;
				SDKROOT = macosx;
			};
			name = Debug;
		};
		1D21BC67172AF43D009D1CFD /* Release */ = {
			isa = XCBuildConfiguration;
			buildSettings = {
				ALWAYS_SEARCH_USER_PATHS = NO;
				CLANG_ANALYZER_LOCALIZABILITY_NONLOCALIZED = YES;
				CLANG_CXX_LANGUAGE_STANDARD = "gnu++0x";
				CLANG_CXX_LIBRARY = "libc++";
				CLANG_ENABLE_OBJC_ARC = YES;
				CLANG_WARN_BLOCK_CAPTURE_AUTORELEASING = YES;
				CLANG_WARN_BOOL_CONVERSION = YES;
				CLANG_WARN_COMMA = YES;
				CLANG_WARN_CONSTANT_CONVERSION = YES;
				CLANG_WARN_DEPRECATED_OBJC_IMPLEMENTATIONS = YES;
				CLANG_WARN_EMPTY_BODY = YES;
				CLANG_WARN_ENUM_CONVERSION = YES;
				CLANG_WARN_INFINITE_RECURSION = YES;
				CLANG_WARN_INT_CONVERSION = YES;
				CLANG_WARN_NON_LITERAL_NULL_CONVERSION = YES;
				CLANG_WARN_OBJC_IMPLICIT_RETAIN_SELF = YES;
				CLANG_WARN_OBJC_LITERAL_CONVERSION = YES;
				CLANG_WARN_QUOTED_INCLUDE_IN_FRAMEWORK_HEADER = YES;
				CLANG_WARN_RANGE_LOOP_ANALYSIS = YES;
				CLANG_WARN_STRICT_PROTOTYPES = YES;
				CLANG_WARN_SUSPICIOUS_MOVE = YES;
				CLANG_WARN_UNREACHABLE_CODE = YES;
				CLANG_WARN__DUPLICATE_METHOD_MATCH = YES;
				CODE_SIGN_IDENTITY = "Apple Development";
				COPY_PHASE_STRIP = YES;
				DEAD_CODE_STRIPPING = YES;
				DEBUG_INFORMATION_FORMAT = "dwarf-with-dsym";
				ENABLE_STRICT_OBJC_MSGSEND = YES;
				GCC_C_LANGUAGE_STANDARD = gnu99;
				GCC_ENABLE_OBJC_EXCEPTIONS = YES;
				GCC_NO_COMMON_BLOCKS = YES;
				GCC_WARN_64_TO_32_BIT_CONVERSION = YES;
				GCC_WARN_ABOUT_DEPRECATED_FUNCTIONS = NO;
				GCC_WARN_ABOUT_RETURN_TYPE = YES;
				GCC_WARN_UNDECLARED_SELECTOR = YES;
				GCC_WARN_UNINITIALIZED_AUTOS = YES;
				GCC_WARN_UNUSED_FUNCTION = YES;
				GCC_WARN_UNUSED_LABEL = YES;
				GCC_WARN_UNUSED_PARAMETER = NO;
				GCC_WARN_UNUSED_VARIABLE = YES;
				INFOPLIST_FILE = "KextViewr-Info.plist";
				MACOSX_DEPLOYMENT_TARGET = 11.0;
				ONLY_ACTIVE_ARCH = YES;
				PRODUCT_BUNDLE_IDENTIFIER = "com.objective-see.$(PRODUCT_NAME:rfc1034identifier)";
				PRODUCT_NAME = KextViewr;
				SDKROOT = macosx;
			};
			name = Release;
		};
		1D21BC69172AF43D009D1CFD /* Debug */ = {
			isa = XCBuildConfiguration;
			buildSettings = {
				CODE_SIGN_IDENTITY = "Apple Development";
				"CODE_SIGN_IDENTITY[sdk=macosx*]" = "Mac Developer";
				COMBINE_HIDPI_IMAGES = YES;
				CURRENT_PROJECT_VERSION = 2.0.0;
				DEAD_CODE_STRIPPING = YES;
				ENABLE_HARDENED_RUNTIME = YES;
				GCC_PRECOMPILE_PREFIX_HEADER = YES;
				GCC_PREFIX_HEADER = "";
				INFOPLIST_FILE = KextViewr/Info.plist;
				INFOPLIST_KEY_CFBundleDisplayName = KextViewr;
				INFOPLIST_KEY_LSApplicationCategoryType = "public.app-category.utilities";
				INFOPLIST_KEY_NSMainNibFile = MainMenu;
				MACOSX_DEPLOYMENT_TARGET = 11.0;
				MARKETING_VERSION = 2.0.0;
				PRODUCT_NAME = KextViewr;
				PROVISIONING_PROFILE = "";
				WRAPPER_EXTENSION = app;
			};
			name = Debug;
		};
		1D21BC6A172AF43D009D1CFD /* Release */ = {
			isa = XCBuildConfiguration;
			buildSettings = {
				CODE_SIGN_IDENTITY = "Apple Development";
				"CODE_SIGN_IDENTITY[sdk=macosx*]" = "Mac Developer";
				COMBINE_HIDPI_IMAGES = YES;
				CURRENT_PROJECT_VERSION = 2.0.0;
				DEAD_CODE_STRIPPING = YES;
				ENABLE_HARDENED_RUNTIME = YES;
				GCC_PRECOMPILE_PREFIX_HEADER = YES;
				GCC_PREFIX_HEADER = "";
				INFOPLIST_FILE = KextViewr/Info.plist;
				INFOPLIST_KEY_CFBundleDisplayName = KextViewr;
				INFOPLIST_KEY_LSApplicationCategoryType = "public.app-category.utilities";
				INFOPLIST_KEY_NSMainNibFile = MainMenu;
				MACOSX_DEPLOYMENT_TARGET = 11.0;
				MARKETING_VERSION = 2.0.0;
				PRODUCT_NAME = KextViewr;
				PROVISIONING_PROFILE = "";
				WRAPPER_EXTENSION = app;
			};
			name = Release;
		};
/* End XCBuildConfiguration section */

/* Begin XCConfigurationList section */
		1D21BC46172AF43D009D1CFD /* Build configuration list for PBXProject "KextViewr" */ = {
			isa = XCConfigurationList;
			buildConfigurations = (
				1D21BC66172AF43D009D1CFD /* Debug */,
				1D21BC67172AF43D009D1CFD /* Release */,
			);
			defaultConfigurationIsVisible = 0;
			defaultConfigurationName = Release;
		};
		1D21BC68172AF43D009D1CFD /* Build configuration list for PBXNativeTarget "KextViewr" */ = {
			isa = XCConfigurationList;
			buildConfigurations = (
				1D21BC69172AF43D009D1CFD /* Debug */,
				1D21BC6A172AF43D009D1CFD /* Release */,
			);
			defaultConfigurationIsVisible = 0;
			defaultConfigurationName = Release;
		};
/* End XCConfigurationList section */
	};
	rootObject = 1D21BC43172AF43D009D1CFD /* Project object */;
}
